{
  "version": 4,
  "terraform_version": "0.12.26",
  "serial": 54,
  "lineage": "8fc0aeb7-41c6-fc83-9d65-54389e33af99",
  "outputs": {
    "efs": {
      "value": {
        "arn": "arn:aws:elasticfilesystem:ap-south-1:976698820117:file-system/fs-9ca53d4d",
        "creation_token": "efs",
        "dns_name": "fs-9ca53d4d.efs.ap-south-1.amazonaws.com",
        "encrypted": false,
        "id": "fs-9ca53d4d",
        "kms_key_id": "",
        "lifecycle_policy": [],
        "performance_mode": "generalPurpose",
        "provisioned_throughput_in_mibps": 0,
        "tags": {
          "Name": "efs"
        },
        "throughput_mode": "bursting"
      },
      "type": [
        "object",
        {
          "arn": "string",
          "creation_token": "string",
          "dns_name": "string",
          "encrypted": "bool",
          "id": "string",
          "kms_key_id": "string",
          "lifecycle_policy": [
            "list",
            [
              "object",
              {
                "transition_to_ia": "string"
              }
            ]
          ],
          "performance_mode": "string",
          "provisioned_throughput_in_mibps": "number",
          "tags": [
            "map",
            "string"
          ],
          "throughput_mode": "string"
        }
      ]
    },
    "instance_ip": {
      "value": "13.233.38.60",
      "type": "string"
    }
  },
  "resources": [
    {
      "mode": "managed",
      "type": "aws_cloudfront_distribution",
      "name": "my_s3_distribution",
      "provider": "provider.aws",
      "instances": [
        {
          "schema_version": 1,
          "attributes": {
            "aliases": null,
            "arn": "arn:aws:cloudfront::976698820117:distribution/EP7RFZYFXEZ0W",
            "caller_reference": "terraform-20200905121329094800000001",
            "comment": null,
            "custom_error_response": [],
            "default_cache_behavior": [
              {
                "allowed_methods": [
                  "DELETE",
                  "GET",
                  "HEAD",
                  "OPTIONS",
                  "PATCH",
                  "POST",
                  "PUT"
                ],
                "cached_methods": [
                  "GET",
                  "HEAD"
                ],
                "compress": false,
                "default_ttl": 3600,
                "field_level_encryption_id": "",
                "forwarded_values": [
                  {
                    "cookies": [
                      {
                        "forward": "none",
                        "whitelisted_names": null
                      }
                    ],
                    "headers": null,
                    "query_string": false,
                    "query_string_cache_keys": null
                  }
                ],
                "lambda_function_association": [],
                "max_ttl": 86400,
                "min_ttl": 0,
                "smooth_streaming": false,
                "target_origin_id": "myS3",
                "trusted_signers": null,
                "viewer_protocol_policy": "allow-all"
              }
            ],
            "default_root_object": "",
            "domain_name": "du9832frayf4r.cloudfront.net",
            "enabled": true,
            "etag": "E3IE37PTRFHDIO",
            "hosted_zone_id": "Z2FDTNDATAQYW2",
            "http_version": "http2",
            "id": "EP7RFZYFXEZ0W",
            "in_progress_validation_batches": 0,
            "is_ipv6_enabled": false,
            "last_modified_time": "2020-09-05 12:13:31.571 +0000 UTC",
            "logging_config": [],
            "ordered_cache_behavior": [],
            "origin": [
              {
                "custom_header": [],
                "custom_origin_config": [
                  {
                    "http_port": 80,
                    "https_port": 80,
                    "origin_keepalive_timeout": 5,
                    "origin_protocol_policy": "match-viewer",
                    "origin_read_timeout": 30,
                    "origin_ssl_protocols": [
                      "TLSv1",
                      "TLSv1.1",
                      "TLSv1.2"
                    ]
                  }
                ],
                "domain_name": "jainsandesh2704.s3.ap-south-1.amazonaws.com",
                "origin_id": "myS3",
                "origin_path": "",
                "s3_origin_config": []
              }
            ],
            "origin_group": [],
            "price_class": "PriceClass_All",
            "restrictions": [
              {
                "geo_restriction": [
                  {
                    "locations": null,
                    "restriction_type": "none"
                  }
                ]
              }
            ],
            "retain_on_delete": false,
            "status": "Deployed",
            "tags": null,
            "trusted_signers": [
              {
                "enabled": false,
                "items": []
              }
            ],
            "viewer_certificate": [
              {
                "acm_certificate_arn": "",
                "cloudfront_default_certificate": true,
                "iam_certificate_id": "",
                "minimum_protocol_version": "TLSv1",
                "ssl_support_method": ""
              }
            ],
            "wait_for_deployment": true,
            "web_acl_id": ""
          },
          "private": "eyJzY2hlbWFfdmVyc2lvbiI6IjEifQ==",
          "dependencies": [
            "aws_instance.myin",
            "aws_key_pair.site_key",
            "aws_s3_bucket.jainsandesh2704",
            "aws_s3_bucket_object.object1",
            "aws_security_group.firewall_security",
            "tls_private_key.site_key"
          ]
        }
      ]
    },
    {
      "mode": "managed",
      "type": "aws_efs_file_system",
      "name": "efs",
      "provider": "provider.aws",
      "instances": [
        {
          "schema_version": 0,
          "attributes": {
            "arn": "arn:aws:elasticfilesystem:ap-south-1:976698820117:file-system/fs-9ca53d4d",
            "creation_token": "efs",
            "dns_name": "fs-9ca53d4d.efs.ap-south-1.amazonaws.com",
            "encrypted": false,
            "id": "fs-9ca53d4d",
            "kms_key_id": "",
            "lifecycle_policy": [],
            "performance_mode": "generalPurpose",
            "provisioned_throughput_in_mibps": 0,
            "tags": {
              "Name": "efs"
            },
            "throughput_mode": "bursting"
          },
          "private": "bnVsbA==",
          "dependencies": [
            "aws_instance.myin",
            "aws_key_pair.site_key",
            "aws_security_group.firewall_security",
            "tls_private_key.site_key"
          ]
        }
      ]
    },
    {
      "mode": "managed",
      "type": "aws_efs_mount_target",
      "name": "mount-efs",
      "provider": "provider.aws",
      "instances": [
        {
          "schema_version": 0,
          "attributes": {
            "availability_zone_id": "aps1-az1",
            "availability_zone_name": "ap-south-1a",
            "dns_name": "fs-9ca53d4d.efs.ap-south-1.amazonaws.com",
            "file_system_arn": "arn:aws:elasticfilesystem:ap-south-1:976698820117:file-system/fs-9ca53d4d",
            "file_system_id": "fs-9ca53d4d",
            "id": "fsmt-30ed32e1",
            "ip_address": "172.31.32.207",
            "mount_target_dns_name": "ap-south-1a.fs-9ca53d4d.efs.ap-south-1.amazonaws.com",
            "network_interface_id": "eni-0584ca3745b008de6",
            "owner_id": "976698820117",
            "security_groups": [
              "sg-0474d809d3a2da462"
            ],
            "subnet_id": "subnet-efefd587"
          },
          "private": "bnVsbA==",
          "dependencies": [
            "aws_efs_file_system.efs",
            "aws_instance.myin",
            "aws_key_pair.site_key",
            "aws_security_group.firewall_security",
            "tls_private_key.site_key"
          ]
        }
      ]
    },
    {
      "mode": "managed",
      "type": "aws_instance",
      "name": "myin",
      "provider": "provider.aws",
      "instances": [
        {
          "schema_version": 1,
          "attributes": {
            "ami": "ami-0447a12f28fddb066",
            "arn": "arn:aws:ec2:ap-south-1:976698820117:instance/i-0e581247bdd91d5d6",
            "associate_public_ip_address": true,
            "availability_zone": "ap-south-1a",
            "cpu_core_count": 1,
            "cpu_threads_per_core": 1,
            "credit_specification": [
              {
                "cpu_credits": "standard"
              }
            ],
            "disable_api_termination": false,
            "ebs_block_device": [],
            "ebs_optimized": false,
            "ephemeral_block_device": [],
            "get_password_data": false,
            "hibernation": false,
            "host_id": null,
            "iam_instance_profile": "",
            "id": "i-0e581247bdd91d5d6",
            "instance_initiated_shutdown_behavior": null,
            "instance_state": "running",
            "instance_type": "t2.micro",
            "ipv6_address_count": 0,
            "ipv6_addresses": [],
            "key_name": "mykey",
            "metadata_options": [
              {
                "http_endpoint": "enabled",
                "http_put_response_hop_limit": 1,
                "http_tokens": "optional"
              }
            ],
            "monitoring": false,
            "network_interface": [],
            "outpost_arn": "",
            "password_data": "",
            "placement_group": "",
            "primary_network_interface_id": "eni-0374f56deb781dee4",
            "private_dns": "ip-172-31-47-97.ap-south-1.compute.internal",
            "private_ip": "172.31.47.97",
            "public_dns": "ec2-13-233-38-60.ap-south-1.compute.amazonaws.com",
            "public_ip": "13.233.38.60",
            "root_block_device": [
              {
                "delete_on_termination": true,
                "device_name": "/dev/xvda",
                "encrypted": false,
                "iops": 100,
                "kms_key_id": "",
                "volume_id": "vol-0fd12ac24207b6bfd",
                "volume_size": 8,
                "volume_type": "gp2"
              }
            ],
            "secondary_private_ips": [],
            "security_groups": [
              "secured"
            ],
            "source_dest_check": true,
            "subnet_id": "subnet-efefd587",
            "tags": {
              "Name": "Divergent"
            },
            "tenancy": "default",
            "timeouts": null,
            "user_data": null,
            "user_data_base64": null,
            "volume_tags": {},
            "vpc_security_group_ids": [
              "sg-0474d809d3a2da462"
            ]
          },
          "private": "eyJlMmJmYjczMC1lY2FhLTExZTYtOGY4OC0zNDM2M2JjN2M0YzAiOnsiY3JlYXRlIjo2MDAwMDAwMDAwMDAsImRlbGV0ZSI6MTIwMDAwMDAwMDAwMCwidXBkYXRlIjo2MDAwMDAwMDAwMDB9LCJzY2hlbWFfdmVyc2lvbiI6IjEifQ==",
          "dependencies": [
            "aws_key_pair.site_key",
            "aws_security_group.firewall_security",
            "tls_private_key.site_key"
          ]
        }
      ]
    },
    {
      "mode": "managed",
      "type": "aws_key_pair",
      "name": "site_key",
      "provider": "provider.aws",
      "instances": [
        {
          "schema_version": 1,
          "attributes": {
            "arn": "arn:aws:ec2:ap-south-1:976698820117:key-pair/mykey",
            "fingerprint": "8b:29:34:a6:27:6d:c5:96:a5:ed:5a:69:ef:96:93:9b",
            "id": "mykey",
            "key_name": "mykey",
            "key_name_prefix": null,
            "key_pair_id": "key-091530daa67d163b0",
            "public_key": "ssh-rsa AAAAB3NzaC1yc2EAAAADAQABAAACAQDzRCjJTksT3jZnJkwvOWHqnLKfzG7VGnMO7pdIVGvl/nIgyp08e9Qo/rVcGGIFplVpXRBtT7kkAiw1FysAdqX0f1eUNcorPJ26fgqgQUBBafqyNGMSDvv7CqAd7pigU8kqZho9bAE+TbKijNmah+kFrEnefKtSWRMjQYTIPk9XJ4Ux2DXQDMFOf481bhR1avCxdppB3v5nwHC1Ml7aHjT61IXMkqmNTkuI8/l3cOi8eOxqwlynG/MDwLsGDD1FlNSgPDfD5FP6rlwmMvV94+4d7xiDBxxLUvFGfqZ/s35OKMkxTpdWkAbhuy+L89kAP3X68t7/9p2r0QmoReE8GwKIEW0DG7xN/O4IFqnd7L0EO9JuXBtjfVgiLlno433MkHMGAnpQGMGfRuR2xj77nj5vluOxkbZR2Oly/mYQ4sbRSGT/ezRGsQwCWOtK3VFp+4Mw/QA55jEkl/iiU43Fl4oeUFnw98HvxSMTne26Tg/WmwDk4j4ztUe/VjL1uv7f8tVnlYrX24u8t1ik8vjmryfnUN3iovxUbrgXwW7qcIlvzOqm+MaGn/F04KkTtSJ66z5AKBcrsEx4XgCawRw9Yl7GOc/r3Op4cRdBLqLqUuAzBZvVNULm5p8B7ldJintiN8ibwr2hTynbN7Pc9qf1+XPKdIPm/HQJCZJKYlsA/HjKKQ==",
            "tags": null
          },
          "private": "eyJzY2hlbWFfdmVyc2lvbiI6IjEifQ==",
          "dependencies": [
            "tls_private_key.site_key"
          ]
        }
      ]
    },
    {
      "mode": "managed",
      "type": "aws_s3_bucket",
      "name": "jainsandesh2704",
      "provider": "provider.aws",
      "instances": [
        {
          "schema_version": 0,
          "attributes": {
            "acceleration_status": "",
            "acl": "public-read",
            "arn": "arn:aws:s3:::jainsandesh2704",
            "bucket": "jainsandesh2704",
            "bucket_domain_name": "jainsandesh2704.s3.amazonaws.com",
            "bucket_prefix": null,
            "bucket_regional_domain_name": "jainsandesh2704.s3.ap-south-1.amazonaws.com",
            "cors_rule": [],
            "force_destroy": true,
            "grant": [],
            "hosted_zone_id": "Z11RGJOFQNVJUP",
            "id": "jainsandesh2704",
            "lifecycle_rule": [],
            "logging": [],
            "object_lock_configuration": [],
            "policy": null,
            "region": "ap-south-1",
            "replication_configuration": [],
            "request_payer": "BucketOwner",
            "server_side_encryption_configuration": [],
            "tags": {
              "Name": "databucket"
            },
            "versioning": [
              {
                "enabled": false,
                "mfa_delete": false
              }
            ],
            "website": [],
            "website_domain": null,
            "website_endpoint": null
          },
          "private": "bnVsbA=="
        }
      ]
    },
    {
      "mode": "managed",
      "type": "aws_s3_bucket_object",
      "name": "object1",
      "provider": "provider.aws",
      "instances": [
        {
          "schema_version": 0,
          "attributes": {
            "acl": "public-read",
            "bucket": "jainsandesh2704",
            "cache_control": "",
            "content": null,
            "content_base64": null,
            "content_disposition": "",
            "content_encoding": "",
            "content_language": "",
            "content_type": "binary/octet-stream",
            "etag": "cea4946b437305c024a5e22864e50695",
            "force_destroy": false,
            "id": "COVID_IMAGE",
            "key": "COVID_IMAGE",
            "kms_key_id": null,
            "metadata": null,
            "object_lock_legal_hold_status": "",
            "object_lock_mode": "",
            "object_lock_retain_until_date": "",
            "server_side_encryption": "",
            "source": "C:\\Program Files\\Desktop\\covid.jpg",
            "storage_class": "STANDARD",
            "tags": null,
            "version_id": "",
            "website_redirect": ""
          },
          "private": "bnVsbA==",
          "dependencies": [
            "aws_s3_bucket.jainsandesh2704"
          ]
        }
      ]
    },
    {
      "mode": "managed",
      "type": "aws_security_group",
      "name": "firewall_security",
      "provider": "provider.aws",
      "instances": [
        {
          "schema_version": 1,
          "attributes": {
            "arn": "arn:aws:ec2:ap-south-1:976698820117:security-group/sg-0474d809d3a2da462",
            "description": "https, ssh Protocols",
            "egress": [
              {
                "cidr_blocks": [
                  "0.0.0.0/0"
                ],
                "description": "",
                "from_port": 0,
                "ipv6_cidr_blocks": [],
                "prefix_list_ids": [],
                "protocol": "-1",
                "security_groups": [],
                "self": false,
                "to_port": 0
              }
            ],
            "id": "sg-0474d809d3a2da462",
            "ingress": [
              {
                "cidr_blocks": [
                  "0.0.0.0/0"
                ],
                "description": "NFS",
                "from_port": 2049,
                "ipv6_cidr_blocks": [],
                "prefix_list_ids": [],
                "protocol": "tcp",
                "security_groups": [],
                "self": false,
                "to_port": 2049
              },
              {
                "cidr_blocks": [
                  "0.0.0.0/0"
                ],
                "description": "http-permit",
                "from_port": 80,
                "ipv6_cidr_blocks": [],
                "prefix_list_ids": [],
                "protocol": "tcp",
                "security_groups": [],
                "self": false,
                "to_port": 80
              },
              {
                "cidr_blocks": [
                  "0.0.0.0/0"
                ],
                "description": "ssh-permit",
                "from_port": 22,
                "ipv6_cidr_blocks": [],
                "prefix_list_ids": [],
                "protocol": "tcp",
                "security_groups": [],
                "self": false,
                "to_port": 22
              }
            ],
            "name": "secured",
            "name_prefix": "",
            "owner_id": "976698820117",
            "revoke_rules_on_delete": false,
            "tags": {
              "Name": "secured"
            },
            "timeouts": null,
            "vpc_id": "vpc-1ae5f872"
          },
          "private": "eyJlMmJmYjczMC1lY2FhLTExZTYtOGY4OC0zNDM2M2JjN2M0YzAiOnsiY3JlYXRlIjo2MDAwMDAwMDAwMDAsImRlbGV0ZSI6NjAwMDAwMDAwMDAwfSwic2NoZW1hX3ZlcnNpb24iOiIxIn0="
        }
      ]
    },
    {
      "mode": "managed",
      "type": "local_file",
      "name": "private_key",
      "provider": "provider.local",
      "instances": [
        {
          "schema_version": 0,
          "attributes": {
            "content": "-----BEGIN RSA PRIVATE KEY-----\nMIIJKAIBAAKCAgEA80QoyU5LE942ZyZMLzlh6pyyn8xu1RpzDu6XSFRr5f5yIMqd\nPHvUKP61XBhiBaZVaV0QbU+5JAIsNRcrAHal9H9XlDXKKzydun4KoEFAQWn6sjRj\nEg77+wqgHe6YoFPJKmYaPWwBPk2yoozZmofpBaxJ3nyrUlkTI0GEyD5PVyeFMdg1\n0AzBTn+PNW4UdWrwsXaaQd7+Z8BwtTJe2h40+tSFzJKpjU5LiPP5d3DovHjsasJc\npxvzA8C7Bgw9RZTUoDw3w+RT+q5cJjL1fePuHe8YgwccS1LxRn6mf7N+TijJMU6X\nVpAG4bsvi/PZAD91+vLe//adq9EJqEXhPBsCiBFtAxu8TfzuCBap3ey9BDvSblwb\nY31YIi5Z6ON9zJBzBgJ6UBjBn0bkdsY++54+b5bjsZG2Udjpcv5mEOLG0Uhk/3s0\nRrEMAljrSt1RafuDMP0AOeYxJJf4olONxZeKHlBZ8PfB78UjE53tuk4P1psA5OI+\nM7VHv1Yy9br+3/LVZ5WK19uLvLdYpPL45q8n51Dd4qL8VG64F8Fu6nCJb8zqpvjG\nhp/xdOCpE7Uieus+QCgXK7BMeF4AmsEcPWJexjnP69zqeHEXQS6i6lLgMwWb1TVC\n5uafAe5XSYp7YjfIm8K9oU8p2zez3Pan9flzynSD5vx0CQmSSmJbAPx4yikCAwEA\nAQKCAgADFppt89CAMBIAvTu6XcAgelzKKo49plhPmDfTcz7rbI+GWwwj+G55FsK2\nqJiV+cabz9KlkJ2JF334LpMdLmRs9jDmcMhgRCS8eV0pK6rlKbNFD+UyFX6dcUUX\nHDBT2Lx1DVbH8NcTM2lRJvicPZ13tPg7GtoR8Y+MowhMgn3/XUEToOsN+Rt7I6Nt\nyjf4RaNInXjX3TzdlFPZ+Qm7OybxCEGqlzIP2S6cTnycR5Ks0dwufskuVex/37KA\nISel+n24iwsqMXvfctc4pOz47CvZtW9aOnzhd+wYOQNkG6M+2sWzGoxRTQLJWtb/\nr9jRZ/zXcr3iAf9+bujwefKiELW3fisHFLMtQmpRbQQAAWUyQ4sOYFiRTAXK2Iqd\npxnSitVkdZMyGNJVbvmNpZK725O2AvyfM2a7xAVpoBWPe9B5vQl12qk9pqLKanNc\nTKWqzcc7+PRVV4FeBkd1ssDEhipRwfXaUr9W/lRzy+vNTQYJDTy1IUr8200ukY+Q\n8dnKwOkTrXMjfQpDu8+iCbfFnqVvZHaj3szwcxb04/0bE17YdjOtW3ItT7FPkftD\nmMHDCYXESF/ITERGuSnCuE19mDaMvnMAs+jzKRQz358ItLh9jFiswCeep8IjnslO\nWOmiymFaJ/o4ISUOFVkrDlD88Mxxuei4LEWG1SGtxMCI2lxNAQKCAQEA+CS/gQOK\nXXBj0ep9epHHo2hBl1ozaLX5sarLX1e8NH3aASe73LkAd7I3XNXu61x2kP/7uZQE\n89kX5NR5xfPIfYcwaqgEm+0tiC9ovb4gHdQLzCm4kR5CYxCeZ2nbPPt1a3HBGyNJ\nE4bHxLWYTepmfqtQJL/q0q+WcIgkwVTGWq0GTA3i8oN7yJ4l0khkxc+O/O6J/V7X\n2dQlpCl+4BMmcwIfDTf8IHXXXESGbLUnjbdyUQV0Fx38T1njnWDr5FxR9Xp8ZkiZ\noBGdw0DMX6n9cA0O9pPLDBs6joWHjoxL4zf4yaT+HHwPFIVWC9PlL24L1EBg9Y5t\nG+fchFhKmBlOKwKCAQEA+vfhOgbuNcZOUdjoocyShYwLuMWa+dYy2Iq/cxRT2YQo\noW3BxIQ78fg11ZnXEI3Kp4pr/bFTbowoLYL0OmAYU7p1Ll1klPwL0WsJgW6Izkmu\n+pcHiSnMKV9oKiaZc4dMgBqPrVa7GmV89uGaXKh933w8vXUCBuPkXGUfTvnp/l0f\nR2QNeH4rXuxjopgYjVQGg08+W4UaHHUuvx5SzWjMuKKDRFDE/+gmWayugdrtboKO\naYK9vLJ82Fk2gTSUqQrGa8vZpOSeMTfOjPM/QZzlU6SXOGqNRpP4Uf7yiD8ttcB4\nt7/9PWQwUi5nE24j7oT3v4LiB5rOzYIm9yXpMY5y+wKCAQA5KH3UQfSFQXY8zD7L\nFPlfcoxpSKW+4Ov7ONRPye3YSYUF7xke5p5s8+g8wiqenFXTYKOjQ61AXila1HaY\nWmc8Qv+sEbe+EwwB6qm9yyWquUVead3Rz56LIzDZsVCG44VQkotgrOgQT2OEtC+5\nAt1JIDz9uhdlIH0Ovs14mwZ1rJVev3QfWJoSxBsCLRrJVd4h9PBkJIyj6HIjNku7\nYa3hoAN3EAZLk9lfr4knUTMjObZjY1YyXP3ZaWM8xS6RE5LtcKFnDiIU9PnaF/r7\nrjRqsxdXRQPobf03BxsKgtaYKDRufkrqVMlEeNIxN0X7fuXKpmmvJneLjgUFlzDX\niDyxAoIBAGyo3Ew6afLAbHKFfptnLl1B+GVEsUfQlO0qjZ+uwmsgDFNwaP/D3Qxz\n0iMsW3BgY8jMZttNZnkrl820sDeCGaZOyaOMbhsPUbKXLGNszzC5uFfpAitB/JJB\nK6FsWu4pO1cPqPt83L+eB1AA98t8bBtR+B5zRbBkBSB36+lOzSADg6JuUGLGBdMw\neCcSwTaXlcZOjgokA90kY1v+Lg2ffVvHiRwP+GtwQQJ8gIXamwhI4I4QPEQx51no\nrm+cq2zRLH3Joe8ByPg4WGawfsfSvXvMfGjBwW84a8BcqPeSmyDhN6MfLe7hrQY3\n7wr7mfUQfw/dBC4UuctCucoyENgS+/cCggEBAL3OYnZqyZ+30+vy32dGOjd8Udzj\naLZUHJ2VjHsRVvUWQbAy8zv8g1gjZ6mIlzkkdfjdkNRjFsryrhLCTJVI0RDEEZrY\nDhCC6LcW/hrceRj4HDCog2wxieJRQ8InBBpUgACjNABxVFWVczE5hMux5YLyTv+y\nXl58l4AH/4qXqiPoElVL0PNTZ/XMqpCA257g5Ip/iCvs2GY9m+g+GOneUnkLyZ2z\nnnxbt34tZYmEyFmx1fjYjOl29ePa5oXgtA3X5+k955OF0s8uGBZnh3SB3Dfg4Quh\nlXglc1yzPx9atAfAxEH79wJhNORjE7Syj3AI+7WOmXFSxO/Bu9F9IEBgXy0=\n-----END RSA PRIVATE KEY-----\n",
            "content_base64": null,
            "directory_permission": "0777",
            "file_permission": "400",
            "filename": "my_key.pem",
            "id": "f5993446e931244ab2f9d660422fcd8bb8846831",
            "sensitive_content": null
          },
          "private": "bnVsbA==",
          "dependencies": [
            "tls_private_key.site_key"
          ]
        }
      ]
    },
    {
      "mode": "managed",
      "type": "null_resource",
      "name": "null_local",
      "provider": "provider.null",
      "instances": [
        {
          "schema_version": 0,
          "attributes": {
            "id": "4176317550123220728",
            "triggers": null
          },
          "private": "bnVsbA==",
          "dependencies": [
            "aws_cloudfront_distribution.my_s3_distribution",
            "aws_instance.myin",
            "aws_key_pair.site_key",
            "aws_s3_bucket.jainsandesh2704",
            "aws_s3_bucket_object.object1",
            "aws_security_group.firewall_security",
            "tls_private_key.site_key"
          ]
        }
      ]
    },
    {
      "mode": "managed",
      "type": "null_resource",
      "name": "nullremote3",
      "provider": "provider.null",
      "instances": [
        {
          "schema_version": 0,
          "attributes": {
            "id": "5443316371830969019",
            "triggers": null
          },
          "private": "bnVsbA==",
          "dependencies": [
            "aws_efs_file_system.efs",
            "aws_efs_mount_target.mount-efs",
            "aws_instance.myin",
            "aws_key_pair.site_key",
            "aws_security_group.firewall_security",
            "tls_private_key.site_key"
          ]
        }
      ]
    },
    {
      "mode": "managed",
      "type": "tls_private_key",
      "name": "site_key",
      "provider": "provider.tls",
      "instances": [
        {
          "schema_version": 0,
          "attributes": {
            "algorithm": "RSA",
            "ecdsa_curve": "P224",
            "id": "8d4615e499409d99037ad88bad94fa6b803f2435",
            "private_key_pem": "-----BEGIN RSA PRIVATE KEY-----\nMIIJKAIBAAKCAgEA80QoyU5LE942ZyZMLzlh6pyyn8xu1RpzDu6XSFRr5f5yIMqd\nPHvUKP61XBhiBaZVaV0QbU+5JAIsNRcrAHal9H9XlDXKKzydun4KoEFAQWn6sjRj\nEg77+wqgHe6YoFPJKmYaPWwBPk2yoozZmofpBaxJ3nyrUlkTI0GEyD5PVyeFMdg1\n0AzBTn+PNW4UdWrwsXaaQd7+Z8BwtTJe2h40+tSFzJKpjU5LiPP5d3DovHjsasJc\npxvzA8C7Bgw9RZTUoDw3w+RT+q5cJjL1fePuHe8YgwccS1LxRn6mf7N+TijJMU6X\nVpAG4bsvi/PZAD91+vLe//adq9EJqEXhPBsCiBFtAxu8TfzuCBap3ey9BDvSblwb\nY31YIi5Z6ON9zJBzBgJ6UBjBn0bkdsY++54+b5bjsZG2Udjpcv5mEOLG0Uhk/3s0\nRrEMAljrSt1RafuDMP0AOeYxJJf4olONxZeKHlBZ8PfB78UjE53tuk4P1psA5OI+\nM7VHv1Yy9br+3/LVZ5WK19uLvLdYpPL45q8n51Dd4qL8VG64F8Fu6nCJb8zqpvjG\nhp/xdOCpE7Uieus+QCgXK7BMeF4AmsEcPWJexjnP69zqeHEXQS6i6lLgMwWb1TVC\n5uafAe5XSYp7YjfIm8K9oU8p2zez3Pan9flzynSD5vx0CQmSSmJbAPx4yikCAwEA\nAQKCAgADFppt89CAMBIAvTu6XcAgelzKKo49plhPmDfTcz7rbI+GWwwj+G55FsK2\nqJiV+cabz9KlkJ2JF334LpMdLmRs9jDmcMhgRCS8eV0pK6rlKbNFD+UyFX6dcUUX\nHDBT2Lx1DVbH8NcTM2lRJvicPZ13tPg7GtoR8Y+MowhMgn3/XUEToOsN+Rt7I6Nt\nyjf4RaNInXjX3TzdlFPZ+Qm7OybxCEGqlzIP2S6cTnycR5Ks0dwufskuVex/37KA\nISel+n24iwsqMXvfctc4pOz47CvZtW9aOnzhd+wYOQNkG6M+2sWzGoxRTQLJWtb/\nr9jRZ/zXcr3iAf9+bujwefKiELW3fisHFLMtQmpRbQQAAWUyQ4sOYFiRTAXK2Iqd\npxnSitVkdZMyGNJVbvmNpZK725O2AvyfM2a7xAVpoBWPe9B5vQl12qk9pqLKanNc\nTKWqzcc7+PRVV4FeBkd1ssDEhipRwfXaUr9W/lRzy+vNTQYJDTy1IUr8200ukY+Q\n8dnKwOkTrXMjfQpDu8+iCbfFnqVvZHaj3szwcxb04/0bE17YdjOtW3ItT7FPkftD\nmMHDCYXESF/ITERGuSnCuE19mDaMvnMAs+jzKRQz358ItLh9jFiswCeep8IjnslO\nWOmiymFaJ/o4ISUOFVkrDlD88Mxxuei4LEWG1SGtxMCI2lxNAQKCAQEA+CS/gQOK\nXXBj0ep9epHHo2hBl1ozaLX5sarLX1e8NH3aASe73LkAd7I3XNXu61x2kP/7uZQE\n89kX5NR5xfPIfYcwaqgEm+0tiC9ovb4gHdQLzCm4kR5CYxCeZ2nbPPt1a3HBGyNJ\nE4bHxLWYTepmfqtQJL/q0q+WcIgkwVTGWq0GTA3i8oN7yJ4l0khkxc+O/O6J/V7X\n2dQlpCl+4BMmcwIfDTf8IHXXXESGbLUnjbdyUQV0Fx38T1njnWDr5FxR9Xp8ZkiZ\noBGdw0DMX6n9cA0O9pPLDBs6joWHjoxL4zf4yaT+HHwPFIVWC9PlL24L1EBg9Y5t\nG+fchFhKmBlOKwKCAQEA+vfhOgbuNcZOUdjoocyShYwLuMWa+dYy2Iq/cxRT2YQo\noW3BxIQ78fg11ZnXEI3Kp4pr/bFTbowoLYL0OmAYU7p1Ll1klPwL0WsJgW6Izkmu\n+pcHiSnMKV9oKiaZc4dMgBqPrVa7GmV89uGaXKh933w8vXUCBuPkXGUfTvnp/l0f\nR2QNeH4rXuxjopgYjVQGg08+W4UaHHUuvx5SzWjMuKKDRFDE/+gmWayugdrtboKO\naYK9vLJ82Fk2gTSUqQrGa8vZpOSeMTfOjPM/QZzlU6SXOGqNRpP4Uf7yiD8ttcB4\nt7/9PWQwUi5nE24j7oT3v4LiB5rOzYIm9yXpMY5y+wKCAQA5KH3UQfSFQXY8zD7L\nFPlfcoxpSKW+4Ov7ONRPye3YSYUF7xke5p5s8+g8wiqenFXTYKOjQ61AXila1HaY\nWmc8Qv+sEbe+EwwB6qm9yyWquUVead3Rz56LIzDZsVCG44VQkotgrOgQT2OEtC+5\nAt1JIDz9uhdlIH0Ovs14mwZ1rJVev3QfWJoSxBsCLRrJVd4h9PBkJIyj6HIjNku7\nYa3hoAN3EAZLk9lfr4knUTMjObZjY1YyXP3ZaWM8xS6RE5LtcKFnDiIU9PnaF/r7\nrjRqsxdXRQPobf03BxsKgtaYKDRufkrqVMlEeNIxN0X7fuXKpmmvJneLjgUFlzDX\niDyxAoIBAGyo3Ew6afLAbHKFfptnLl1B+GVEsUfQlO0qjZ+uwmsgDFNwaP/D3Qxz\n0iMsW3BgY8jMZttNZnkrl820sDeCGaZOyaOMbhsPUbKXLGNszzC5uFfpAitB/JJB\nK6FsWu4pO1cPqPt83L+eB1AA98t8bBtR+B5zRbBkBSB36+lOzSADg6JuUGLGBdMw\neCcSwTaXlcZOjgokA90kY1v+Lg2ffVvHiRwP+GtwQQJ8gIXamwhI4I4QPEQx51no\nrm+cq2zRLH3Joe8ByPg4WGawfsfSvXvMfGjBwW84a8BcqPeSmyDhN6MfLe7hrQY3\n7wr7mfUQfw/dBC4UuctCucoyENgS+/cCggEBAL3OYnZqyZ+30+vy32dGOjd8Udzj\naLZUHJ2VjHsRVvUWQbAy8zv8g1gjZ6mIlzkkdfjdkNRjFsryrhLCTJVI0RDEEZrY\nDhCC6LcW/hrceRj4HDCog2wxieJRQ8InBBpUgACjNABxVFWVczE5hMux5YLyTv+y\nXl58l4AH/4qXqiPoElVL0PNTZ/XMqpCA257g5Ip/iCvs2GY9m+g+GOneUnkLyZ2z\nnnxbt34tZYmEyFmx1fjYjOl29ePa5oXgtA3X5+k955OF0s8uGBZnh3SB3Dfg4Quh\nlXglc1yzPx9atAfAxEH79wJhNORjE7Syj3AI+7WOmXFSxO/Bu9F9IEBgXy0=\n-----END RSA PRIVATE KEY-----\n",
            "public_key_fingerprint_md5": "a3:08:22:3d:a3:5c:2f:11:2b:f9:9b:2d:a6:c2:2f:eb",
            "public_key_openssh": "ssh-rsa AAAAB3NzaC1yc2EAAAADAQABAAACAQDzRCjJTksT3jZnJkwvOWHqnLKfzG7VGnMO7pdIVGvl/nIgyp08e9Qo/rVcGGIFplVpXRBtT7kkAiw1FysAdqX0f1eUNcorPJ26fgqgQUBBafqyNGMSDvv7CqAd7pigU8kqZho9bAE+TbKijNmah+kFrEnefKtSWRMjQYTIPk9XJ4Ux2DXQDMFOf481bhR1avCxdppB3v5nwHC1Ml7aHjT61IXMkqmNTkuI8/l3cOi8eOxqwlynG/MDwLsGDD1FlNSgPDfD5FP6rlwmMvV94+4d7xiDBxxLUvFGfqZ/s35OKMkxTpdWkAbhuy+L89kAP3X68t7/9p2r0QmoReE8GwKIEW0DG7xN/O4IFqnd7L0EO9JuXBtjfVgiLlno433MkHMGAnpQGMGfRuR2xj77nj5vluOxkbZR2Oly/mYQ4sbRSGT/ezRGsQwCWOtK3VFp+4Mw/QA55jEkl/iiU43Fl4oeUFnw98HvxSMTne26Tg/WmwDk4j4ztUe/VjL1uv7f8tVnlYrX24u8t1ik8vjmryfnUN3iovxUbrgXwW7qcIlvzOqm+MaGn/F04KkTtSJ66z5AKBcrsEx4XgCawRw9Yl7GOc/r3Op4cRdBLqLqUuAzBZvVNULm5p8B7ldJintiN8ibwr2hTynbN7Pc9qf1+XPKdIPm/HQJCZJKYlsA/HjKKQ==\n",
            "public_key_pem": "-----BEGIN PUBLIC KEY-----\nMIICIjANBgkqhkiG9w0BAQEFAAOCAg8AMIICCgKCAgEA80QoyU5LE942ZyZMLzlh\n6pyyn8xu1RpzDu6XSFRr5f5yIMqdPHvUKP61XBhiBaZVaV0QbU+5JAIsNRcrAHal\n9H9XlDXKKzydun4KoEFAQWn6sjRjEg77+wqgHe6YoFPJKmYaPWwBPk2yoozZmofp\nBaxJ3nyrUlkTI0GEyD5PVyeFMdg10AzBTn+PNW4UdWrwsXaaQd7+Z8BwtTJe2h40\n+tSFzJKpjU5LiPP5d3DovHjsasJcpxvzA8C7Bgw9RZTUoDw3w+RT+q5cJjL1fePu\nHe8YgwccS1LxRn6mf7N+TijJMU6XVpAG4bsvi/PZAD91+vLe//adq9EJqEXhPBsC\niBFtAxu8TfzuCBap3ey9BDvSblwbY31YIi5Z6ON9zJBzBgJ6UBjBn0bkdsY++54+\nb5bjsZG2Udjpcv5mEOLG0Uhk/3s0RrEMAljrSt1RafuDMP0AOeYxJJf4olONxZeK\nHlBZ8PfB78UjE53tuk4P1psA5OI+M7VHv1Yy9br+3/LVZ5WK19uLvLdYpPL45q8n\n51Dd4qL8VG64F8Fu6nCJb8zqpvjGhp/xdOCpE7Uieus+QCgXK7BMeF4AmsEcPWJe\nxjnP69zqeHEXQS6i6lLgMwWb1TVC5uafAe5XSYp7YjfIm8K9oU8p2zez3Pan9flz\nynSD5vx0CQmSSmJbAPx4yikCAwEAAQ==\n-----END PUBLIC KEY-----\n",
            "rsa_bits": 4096
          },
          "private": "bnVsbA=="
        }
      ]
    }
  ]
}
